{
  "lockfileVersion": 1,
  "workspaces": {
    "": {
      "name": "protographic",
      "dependencies": {
        "graphql": "^16.11.0",
        "lodash": "^4.17.21",
      },
      "devDependencies": {
        "@types/bun": "latest",
        "@types/lodash": "^4.17.16",
      },
      "peerDependencies": {
        "typescript": "^5",
      },
    },
  },
  "packages": {
    "@types/bun": ["@types/bun@1.2.11", "", { "dependencies": { "bun-types": "1.2.11" } }, "sha512-ZLbbI91EmmGwlWTRWuV6J19IUiUC5YQ3TCEuSHI3usIP75kuoA8/0PVF+LTrbEnVc8JIhpElWOxv1ocI1fJBbw=="],

    "@types/lodash": ["@types/lodash@4.17.16", "", {}, "sha512-HX7Em5NYQAXKW+1T+FiuG27NGwzJfCX3s1GjOa7ujxZa52kjJLOr4FUxT+giF6Tgxv1e+/czV/iTtBw27WTU9g=="],

    "@types/node": ["@types/node@22.15.3", "", { "dependencies": { "undici-types": "~6.21.0" } }, "sha512-lX7HFZeHf4QG/J7tBZqrCAXwz9J5RD56Y6MpP0eJkka8p+K0RY/yBTW7CYFJ4VGCclxqOLKmiGP5juQc6MKgcw=="],

    "bun-types": ["bun-types@1.2.11", "", { "dependencies": { "@types/node": "*" } }, "sha512-dbkp5Lo8HDrXkLrONm6bk+yiiYQSntvFUzQp0v3pzTAsXk6FtgVMjdQ+lzFNVAmQFUkPQZ3WMZqH5tTo+Dp/IA=="],

    "graphql": ["graphql@16.11.0", "", {}, "sha512-mS1lbMsxgQj6hge1XZ6p7GPhbrtFwUFYi3wRzXAC/FmYnyXMTvvI3td3rjmQ2u8ewXueaSvRPWaEcgVVOT9Jnw=="],

    "lodash": ["lodash@4.17.21", "", {}, "sha512-v2kDEe57lecTulaDIuNTPy3Ry4gLGJ6Z1O3vE1krgXZNrsQ+LFTGHVxVjcXPs17LhbZVGedAJv8XZ1tvj5FvSg=="],

    "typescript": ["typescript@5.8.3", "", { "bin": { "tsc": "bin/tsc", "tsserver": "bin/tsserver" } }, "sha512-p1diW6TqL9L07nNxvRMM7hMMw4c5XOo/1ibL4aAIGmSAt9slTE1Xgw5KWuof2uTOvCg9BY7ZRi+GaF+7sfgPeQ=="],

    "undici-types": ["undici-types@6.21.0", "", {}, "sha512-iwDZqg0QAGrg9Rav5H4n0M64c3mkR59cJ6wQp+7C4nI0gsmExaedaYLNO44eT4AtBBwjbTiGPMlt2Md0T9H9JQ=="],
  }
}
