github.com/akrylysov/algnhsa v1.1.0 h1:G0SoP16tMRyiism7VNc3JFA0wq/cVgEkp/ExMVnc6PQ=
github.com/akrylysov/algnhsa v1.1.0/go.mod h1:+bOweRs/WBu5awl+ifCoSYAuKVPAmoTk8XOMrZ1xwiw=
github.com/aws/aws-lambda-go v1.36.1 h1:CJxGkL9uKszIASRDxzcOcLX6juzTLoTKtCIgUGcTjTU=
github.com/aws/aws-lambda-go v1.36.1/go.mod h1:jwFe2KmMsHmffA1X2R09hH6lFzJQxzI8qK17ewzbQMM=
github.com/aws/aws-lambda-go v1.43.0 h1:Tdu7SnMB5bD+CbdnSq1Dg4sM68vEuGIDcQFZ+IjUfx0=
github.com/aws/aws-lambda-go v1.43.0/go.mod h1:dpMpZgvWx5vuQJfBt0zqBha60q7Dd7RfgJv23DymV8A=
github.com/davecgh/go-spew v1.1.1 h1:vj9j/u1bqnvCEfJOwUhtlOARqs3+rkHYY13jYWTU97c=
github.com/davecgh/go-spew v1.1.1/go.mod h1:J7Y8YcW2NihsgmVo/mv3lAwl/skON4iLHjSsI+c5H38=
github.com/pmezard/go-difflib v1.0.0 h1:4DBwDE0NGyQoBHbLQYPwSUPoCMWR5BEzIk/f1lZbAQM=
github.com/pmezard/go-difflib v1.0.0/go.mod h1:iKH77koFhYxTK1pcRnkKkqfTogsbg7gZNVY4sRDYZ/4=
github.com/stretchr/testify v1.8.4 h1:CcVxjf3Q8PM0mHUKJCdn+eZZtm5yQwehR5yeSVQQcUk=
github.com/stretchr/testify v1.8.4/go.mod h1:sz/lmYIOXD/1dqDmKjjqLyZ2RngseejIcXlSw2iwfAo=
gopkg.in/yaml.v3 v3.0.1 h1:fxVm/GzAzEWqLHuvctI91KS9hhNmmWOoWu0XTYJS7CA=
gopkg.in/yaml.v3 v3.0.1/go.mod h1:K4uyk7z7BCEPqu6E+C64Yfv1cQ7kz7rIZviUmN+EgEM=
