dependencies:
- name: controlplane
  repository: ""
  version: ^0
- name: router
  repository: ""
  version: ^0
- name: studio
  repository: ""
  version: ^0
- name: otelcollector
  repository: ""
  version: ^0
- name: graphqlmetrics
  repository: ""
  version: ^0
- name: cdn
  repository: ""
  version: ^0
- name: postgresql
  repository: https://charts.bitnami.com/bitnami
  version: 12.8.0
- name: keycloak
  repository: https://charts.bitnami.com/bitnami
  version: 17.3.1
- name: clickhouse
  repository: https://charts.bitnami.com/bitnami
  version: 5.2.2
- name: minio
  repository: https://charts.bitnami.com/bitnami
  version: 12.10.0
- name: redis
  repository: https://charts.bitnami.com/bitnami
  version: 18.9.1
digest: sha256:291a7e0532b0ca98e7d040d36b794910d658de3184f7b06c4292f387d610b60a
generated: "2024-04-10T10:24:34.111092+02:00"
