dependencies:
- name: controlplane
  repository: ""
  version: ^0
- name: router
  repository: ""
  version: ^0
- name: studio
  repository: ""
  version: ^0
- name: otelcollector
  repository: ""
  version: ^0
- name: graphqlmetrics
  repository: ""
  version: ^0
- name: cdn
  repository: ""
  version: ^0
- name: postgresql
  repository: https://charts.bitnami.com/bitnami
  version: 12.8.0
- name: keycloak
  repository: https://charts.bitnami.com/bitnami
  version: 17.3.6
- name: clickhouse
  repository: https://charts.bitnami.com/bitnami
  version: 4.6.0
- name: minio
  repository: https://charts.bitnami.com/bitnami
  version: 12.10.0
- name: redis
  repository: https://charts.bitnami.com/bitnami
  version: 18.9.1
digest: sha256:ed5ee804dd5c5205e331adacbb6a2d1916d140d11e3c4f7ba9f8a96da0df8142
generated: "2024-02-09T00:38:26.552845707+01:00"
